{
  "name": "test-capitalize",
  "version": "1.0.0",
  "lockfileVersion": 3,
  "requires": true,
  "packages": {
    "": {
      "name": "test-capitalize",
      "version": "1.0.0",
      "license": "ISC",
      "dependencies": {
        "capitalize-sentence-vaishnavi": "^1.0.1"
      },
      "devDependencies": {}
    },
    "node_modules/capitalize-sentence-vaishnavi": {
      "version": "1.0.1",
      "resolved": "https://registry.npmjs.org/capitalize-sentence-vaishnavi/-/capitalize-sentence-vaishnavi-1.0.1.tgz",
      "integrity": "sha512-6I0RZKJF3/MDj8XH27Jl/6UBKy7p/QLgTyXowm5+VyksCxt6Glkk5K1ZWaXUFeP8+Un7aE+opLT+oVbg32C/pg==",
      "license": "ISC"
    }
  }
}
